
Microsoft Visual Studio Solution File, Format Version 12.00
# Visual Studio Version 16
VisualStudioVersion = 16.0.30320.27
MinimumVisualStudioVersion = 10.0.40219.1
Project("{FAE04EC0-301F-11D3-BF4B-00C04F79EFBC}") = "Fabrica-Objetos", "Fabrica-Objetos.csproj", "{6F568223-6A9B-497D-B9C8-9279B818496E}"
EndProject
Global
	GlobalSection(SolutionConfigurationPlatforms) = preSolution
		Debug|Any CPU = Debug|Any CPU
		Release|Any CPU = Release|Any CPU
	EndGlobalSection
	GlobalSection(ProjectConfigurationPlatforms) = postSolution
		{6F568223-6A9B-497D-B9C8-9279B818496E}.Debug|Any CPU.ActiveCfg = Debug|Any CPU
		{6F568223-6A9B-497D-B9C8-9279B818496E}.Debug|Any CPU.Build.0 = Debug|Any CPU
		{6F568223-6A9B-497D-B9C8-9279B818496E}.Release|Any CPU.ActiveCfg = Release|Any CPU
		{6F568223-6A9B-497D-B9C8-9279B818496E}.Release|Any CPU.Build.0 = Release|Any CPU
	EndGlobalSection
	GlobalSection(SolutionProperties) = preSolution
		HideSolutionNode = FALSE
	EndGlobalSection
	GlobalSection(ExtensibilityGlobals) = postSolution
		SolutionGuid = {3915DB36-53C9-4137-9B70-345374B04D7D}
	EndGlobalSection
EndGlobal
